// !$*UTF8*$!
{
	archiveVersion = 1;
	classes = {
	};
	objectVersion = 77;
	objects = {

/* Begin PBXBuildFile section */
		94E385EE2CAB58F900E31C96 /* Kingfisher in Frameworks */ = {isa = PBXBuildFile; productRef = 94E385ED2CAB58F900E31C96 /* Kingfisher */; };
		94E385F02CAB58F900E31C96 /* Alamofire in Frameworks */ = {isa = PBXBuildFile; productRef = 94E385EF2CAB58F900E31C96 /* Alamofire */; };
/* End PBXBuildFile section */

/* Begin PBXContainerItemProxy section */
		94E385562CA71A7D00E31C96 /* PBXContainerItemProxy */ = {
			isa = PBXContainerItemProxy;
			containerPortal = 94E385372CA71A7C00E31C96 /* Project object */;
			proxyType = 1;
			remoteGlobalIDString = 94E3853E2CA71A7C00E31C96;
			remoteInfo = "cinenest-uikit";
		};
		94E385602CA71A7D00E31C96 /* PBXContainerItemProxy */ = {
			isa = PBXContainerItemProxy;
			containerPortal = 94E385372CA71A7C00E31C96 /* Project object */;
			proxyType = 1;
			remoteGlobalIDString = 94E3853E2CA71A7C00E31C96;
			remoteInfo = "cinenest-uikit";
		};
/* End PBXContainerItemProxy section */

/* Begin PBXFileReference section */
		94E3853F2CA71A7C00E31C96 /* cinenest-uikit.app */ = {isa = PBXFileReference; explicitFileType = wrapper.application; includeInIndex = 0; path = "cinenest-uikit.app"; sourceTree = BUILT_PRODUCTS_DIR; };
		94E385552CA71A7D00E31C96 /* cinenest-uikitTests.xctest */ = {isa = PBXFileReference; explicitFileType = wrapper.cfbundle; includeInIndex = 0; path = "cinenest-uikitTests.xctest"; sourceTree = BUILT_PRODUCTS_DIR; };
		94E3855F2CA71A7D00E31C96 /* cinenest-uikitUITests.xctest */ = {isa = PBXFileReference; explicitFileType = wrapper.cfbundle; includeInIndex = 0; path = "cinenest-uikitUITests.xctest"; sourceTree = BUILT_PRODUCTS_DIR; };
/* End PBXFileReference section */

/* Begin PBXFileSystemSynchronizedBuildFileExceptionSet section */
		94E385672CA71A7D00E31C96 /* Exceptions for "cinenest-uikit" folder in "cinenest-uikit" target */ = {
			isa = PBXFileSystemSynchronizedBuildFileExceptionSet;
			membershipExceptions = (
				Info.plist,
			);
			target = 94E3853E2CA71A7C00E31C96 /* cinenest-uikit */;
		};
/* End PBXFileSystemSynchronizedBuildFileExceptionSet section */

/* Begin PBXFileSystemSynchronizedRootGroup section */
		94E385412CA71A7C00E31C96 /* cinenest-uikit */ = {
			isa = PBXFileSystemSynchronizedRootGroup;
			exceptions = (
				94E385672CA71A7D00E31C96 /* Exceptions for "cinenest-uikit" folder in "cinenest-uikit" target */,
			);
			path = "cinenest-uikit";
			sourceTree = "<group>";
		};
		94E385582CA71A7D00E31C96 /* cinenest-uikitTests */ = {
			isa = PBXFileSystemSynchronizedRootGroup;
			path = "cinenest-uikitTests";
			sourceTree = "<group>";
		};
		94E385622CA71A7D00E31C96 /* cinenest-uikitUITests */ = {
			isa = PBXFileSystemSynchronizedRootGroup;
			path = "cinenest-uikitUITests";
			sourceTree = "<group>";
		};
/* End PBXFileSystemSynchronizedRootGroup section */

/* Begin PBXFrameworksBuildPhase section */
		94E3853C2CA71A7C00E31C96 /* Frameworks */ = {
			isa = PBXFrameworksBuildPhase;
			buildActionMask = 2147483647;
			files = (
				94E385EE2CAB58F900E31C96 /* Kingfisher in Frameworks */,
				94E385F02CAB58F900E31C96 /* Alamofire in Frameworks */,
			);
			runOnlyForDeploymentPostprocessing = 0;
		};
		94E385522CA71A7D00E31C96 /* Frameworks */ = {
			isa = PBXFrameworksBuildPhase;
			buildActionMask = 2147483647;
			files = (
			);
			runOnlyForDeploymentPostprocessing = 0;
		};
		94E3855C2CA71A7D00E31C96 /* Frameworks */ = {
			isa = PBXFrameworksBuildPhase;
			buildActionMask = 2147483647;
			files = (
			);
			runOnlyForDeploymentPostprocessing = 0;
		};
/* End PBXFrameworksBuildPhase section */

/* Begin PBXGroup section */
		94E385362CA71A7C00E31C96 = {
			isa = PBXGroup;
			children = (
				94E385412CA71A7C00E31C96 /* cinenest-uikit */,
				94E385582CA71A7D00E31C96 /* cinenest-uikitTests */,
				94E385622CA71A7D00E31C96 /* cinenest-uikitUITests */,
				94E385E82CAB34CD00E31C96 /* Frameworks */,
				94E385402CA71A7C00E31C96 /* Products */,
			);
			sourceTree = "<group>";
		};
		94E385402CA71A7C00E31C96 /* Products */ = {
			isa = PBXGroup;
			children = (
				94E3853F2CA71A7C00E31C96 /* cinenest-uikit.app */,
				94E385552CA71A7D00E31C96 /* cinenest-uikitTests.xctest */,
				94E3855F2CA71A7D00E31C96 /* cinenest-uikitUITests.xctest */,
			);
			name = Products;
			sourceTree = "<group>";
		};
		94E385E82CAB34CD00E31C96 /* Frameworks */ = {
			isa = PBXGroup;
			children = (
			);
			name = Frameworks;
			sourceTree = "<group>";
		};
/* End PBXGroup section */

/* Begin PBXNativeTarget section */
		94E3853E2CA71A7C00E31C96 /* cinenest-uikit */ = {
			isa = PBXNativeTarget;
			buildConfigurationList = 94E385682CA71A7D00E31C96 /* Build configuration list for PBXNativeTarget "cinenest-uikit" */;
			buildPhases = (
				94E3853B2CA71A7C00E31C96 /* Sources */,
				94E3853C2CA71A7C00E31C96 /* Frameworks */,
				94E3853D2CA71A7C00E31C96 /* Resources */,
			);
			buildRules = (
			);
			dependencies = (
			);
			fileSystemSynchronizedGroups = (
				94E385412CA71A7C00E31C96 /* cinenest-uikit */,
			);
			name = "cinenest-uikit";
			packageProductDependencies = (
				94E385ED2CAB58F900E31C96 /* Kingfisher */,
				94E385EF2CAB58F900E31C96 /* Alamofire */,
			);
			productName = "cinenest-uikit";
			productReference = 94E3853F2CA71A7C00E31C96 /* cinenest-uikit.app */;
			productType = "com.apple.product-type.application";
		};
		94E385542CA71A7D00E31C96 /* cinenest-uikitTests */ = {
			isa = PBXNativeTarget;
			buildConfigurationList = 94E3856D2CA71A7D00E31C96 /* Build configuration list for PBXNativeTarget "cinenest-uikitTests" */;
			buildPhases = (
				94E385512CA71A7D00E31C96 /* Sources */,
				94E385522CA71A7D00E31C96 /* Frameworks */,
				94E385532CA71A7D00E31C96 /* Resources */,
			);
			buildRules = (
			);
			dependencies = (
				94E385572CA71A7D00E31C96 /* PBXTargetDependency */,
			);
			fileSystemSynchronizedGroups = (
				94E385582CA71A7D00E31C96 /* cinenest-uikitTests */,
			);
			name = "cinenest-uikitTests";
			packageProductDependencies = (
			);
			productName = "cinenest-uikitTests";
			productReference = 94E385552CA71A7D00E31C96 /* cinenest-uikitTests.xctest */;
			productType = "com.apple.product-type.bundle.unit-test";
		};
		94E3855E2CA71A7D00E31C96 /* cinenest-uikitUITests */ = {
			isa = PBXNativeTarget;
			buildConfigurationList = 94E385702CA71A7D00E31C96 /* Build configuration list for PBXNativeTarget "cinenest-uikitUITests" */;
			buildPhases = (
				94E3855B2CA71A7D00E31C96 /* Sources */,
				94E3855C2CA71A7D00E31C96 /* Frameworks */,
				94E3855D2CA71A7D00E31C96 /* Resources */,
			);
			buildRules = (
			);
			dependencies = (
				94E385612CA71A7D00E31C96 /* PBXTargetDependency */,
			);
			fileSystemSynchronizedGroups = (
				94E385622CA71A7D00E31C96 /* cinenest-uikitUITests */,
			);
			name = "cinenest-uikitUITests";
			packageProductDependencies = (
			);
			productName = "cinenest-uikitUITests";
			productReference = 94E3855F2CA71A7D00E31C96 /* cinenest-uikitUITests.xctest */;
			productType = "com.apple.product-type.bundle.ui-testing";
		};
/* End PBXNativeTarget section */

/* Begin PBXProject section */
		94E385372CA71A7C00E31C96 /* Project object */ = {
			isa = PBXProject;
			attributes = {
				BuildIndependentTargetsInParallel = 1;
				LastSwiftUpdateCheck = 1600;
				LastUpgradeCheck = 1600;
				TargetAttributes = {
					94E3853E2CA71A7C00E31C96 = {
						CreatedOnToolsVersion = 16.0;
					};
					94E385542CA71A7D00E31C96 = {
						CreatedOnToolsVersion = 16.0;
						TestTargetID = 94E3853E2CA71A7C00E31C96;
					};
					94E3855E2CA71A7D00E31C96 = {
						CreatedOnToolsVersion = 16.0;
						TestTargetID = 94E3853E2CA71A7C00E31C96;
					};
				};
			};
			buildConfigurationList = 94E3853A2CA71A7C00E31C96 /* Build configuration list for PBXProject "cinenest-uikit" */;
			developmentRegion = en;
			hasScannedForEncodings = 0;
			knownRegions = (
				en,
				Base,
			);
			mainGroup = 94E385362CA71A7C00E31C96;
			minimizedProjectReferenceProxies = 1;
			packageReferences = (
				94E385EB2CAB58D500E31C96 /* XCRemoteSwiftPackageReference "Kingfisher" */,
				94E385EC2CAB58ED00E31C96 /* XCRemoteSwiftPackageReference "Alamofire" */,
			);
			preferredProjectObjectVersion = 77;
			productRefGroup = 94E385402CA71A7C00E31C96 /* Products */;
			projectDirPath = "";
			projectRoot = "";
			targets = (
				94E3853E2CA71A7C00E31C96 /* cinenest-uikit */,
				94E385542CA71A7D00E31C96 /* cinenest-uikitTests */,
				94E3855E2CA71A7D00E31C96 /* cinenest-uikitUITests */,
			);
		};
/* End PBXProject section */

/* Begin PBXResourcesBuildPhase section */
		94E3853D2CA71A7C00E31C96 /* Resources */ = {
			isa = PBXResourcesBuildPhase;
			buildActionMask = 2147483647;
			files = (
			);
			runOnlyForDeploymentPostprocessing = 0;
		};
		94E385532CA71A7D00E31C96 /* Resources */ = {
			isa = PBXResourcesBuildPhase;
			buildActionMask = 2147483647;
			files = (
			);
			runOnlyForDeploymentPostprocessing = 0;
		};
		94E3855D2CA71A7D00E31C96 /* Resources */ = {
			isa = PBXResourcesBuildPhase;
			buildActionMask = 2147483647;
			files = (
			);
			runOnlyForDeploymentPostprocessing = 0;
		};
/* End PBXResourcesBuildPhase section */

/* Begin PBXSourcesBuildPhase section */
		94E3853B2CA71A7C00E31C96 /* Sources */ = {
			isa = PBXSourcesBuildPhase;
			buildActionMask = 2147483647;
			files = (
			);
			runOnlyForDeploymentPostprocessing = 0;
		};
		94E385512CA71A7D00E31C96 /* Sources */ = {
			isa = PBXSourcesBuildPhase;
			buildActionMask = 2147483647;
			files = (
			);
			runOnlyForDeploymentPostprocessing = 0;
		};
		94E3855B2CA71A7D00E31C96 /* Sources */ = {
			isa = PBXSourcesBuildPhase;
			buildActionMask = 2147483647;
			files = (
			);
			runOnlyForDeploymentPostprocessing = 0;
		};
/* End PBXSourcesBuildPhase section */

/* Begin PBXTargetDependency section */
		94E385572CA71A7D00E31C96 /* PBXTargetDependency */ = {
			isa = PBXTargetDependency;
			target = 94E3853E2CA71A7C00E31C96 /* cinenest-uikit */;
			targetProxy = 94E385562CA71A7D00E31C96 /* PBXContainerItemProxy */;
		};
		94E385612CA71A7D00E31C96 /* PBXTargetDependency */ = {
			isa = PBXTargetDependency;
			target = 94E3853E2CA71A7C00E31C96 /* cinenest-uikit */;
			targetProxy = 94E385602CA71A7D00E31C96 /* PBXContainerItemProxy */;
		};
/* End PBXTargetDependency section */

/* Begin XCBuildConfiguration section */
		94E385692CA71A7D00E31C96 /* Debug */ = {
			isa = XCBuildConfiguration;
			buildSettings = {
				ASSETCATALOG_COMPILER_APPICON_NAME = AppIcon;
				ASSETCATALOG_COMPILER_GLOBAL_ACCENT_COLOR_NAME = AccentColor;
				CODE_SIGN_STYLE = Automatic;
				CURRENT_PROJECT_VERSION = 1;
				DEVELOPMENT_TEAM = B53GNBF75N;
				GENERATE_INFOPLIST_FILE = YES;
				INFOPLIST_FILE = "cinenest-uikit/Info.plist";
				INFOPLIST_KEY_UIApplicationSupportsIndirectInputEvents = YES;
				INFOPLIST_KEY_UILaunchStoryboardName = LaunchScreen;
				INFOPLIST_KEY_UISupportedInterfaceOrientations_iPad = "UIInterfaceOrientationPortrait UIInterfaceOrientationPortraitUpsideDown UIInterfaceOrientationLandscapeLeft UIInterfaceOrientationLandscapeRight";
				INFOPLIST_KEY_UISupportedInterfaceOrientations_iPhone = "UIInterfaceOrientationPortrait UIInterfaceOrientationLandscapeLeft UIInterfaceOrientationLandscapeRight";
				LD_RUNPATH_SEARCH_PATHS = (
					"$(inherited)",
					"@executable_path/Frameworks",
				);
				MARKETING_VERSION = 1.0;
				PRODUCT_BUNDLE_IDENTIFIER = "geniusoft.com.co.cinenest-uikit";
				PRODUCT_NAME = "$(TARGET_NAME)";
				SWIFT_EMIT_LOC_STRINGS = YES;
				SWIFT_VERSION = 5.0;
				TARGETED_DEVICE_FAMILY = "1,2";
			};
			name = Debug;
		};
		94E3856A2CA71A7D00E31C96 /* Release */ = {
			isa = XCBuildConfiguration;
			buildSettings = {
				ASSETCATALOG_COMPILER_APPICON_NAME = AppIcon;
				ASSETCATALOG_COMPILER_GLOBAL_ACCENT_COLOR_NAME = AccentColor;
				CODE_SIGN_STYLE = Automatic;
				CURRENT_PROJECT_VERSION = 1;
				DEVELOPMENT_TEAM = B53GNBF75N;
				GENERATE_INFOPLIST_FILE = YES;
				INFOPLIST_FILE = "cinenest-uikit/Info.plist";
				INFOPLIST_KEY_UIApplicationSupportsIndirectInputEvents = YES;
				INFOPLIST_KEY_UILaunchStoryboardName = LaunchScreen;
				INFOPLIST_KEY_UISupportedInterfaceOrientations_iPad = "UIInterfaceOrientationPortrait UIInterfaceOrientationPortraitUpsideDown UIInterfaceOrientationLandscapeLeft UIInterfaceOrientationLandscapeRight";
				INFOPLIST_KEY_UISupportedInterfaceOrientations_iPhone = "UIInterfaceOrientationPortrait UIInterfaceOrientationLandscapeLeft UIInterfaceOrientationLandscapeRight";
				LD_RUNPATH_SEARCH_PATHS = (
					"$(inherited)",
					"@executable_path/Frameworks",
				);
				MARKETING_VERSION = 1.0;
				PRODUCT_BUNDLE_IDENTIFIER = "geniusoft.com.co.cinenest-uikit";
				PRODUCT_NAME = "$(TARGET_NAME)";
				SWIFT_EMIT_LOC_STRINGS = YES;
				SWIFT_VERSION = 5.0;
				TARGETED_DEVICE_FAMILY = "1,2";
			};
			name = Release;
		};
		94E3856B2CA71A7D00E31C96 /* Debug */ = {
			isa = XCBuildConfiguration;
			buildSettings = {
				ALWAYS_SEARCH_USER_PATHS = NO;
				ASSETCATALOG_COMPILER_GENERATE_SWIFT_ASSET_SYMBOL_EXTENSIONS = YES;
				CLANG_ANALYZER_NONNULL = YES;
				CLANG_ANALYZER_NUMBER_OBJECT_CONVERSION = YES_AGGRESSIVE;
				CLANG_CXX_LANGUAGE_STANDARD = "gnu++20";
				CLANG_ENABLE_MODULES = YES;
				CLANG_ENABLE_OBJC_ARC = YES;
				CLANG_ENABLE_OBJC_WEAK = YES;
				CLANG_WARN_BLOCK_CAPTURE_AUTORELEASING = YES;
				CLANG_WARN_BOOL_CONVERSION = YES;
				CLANG_WARN_COMMA = YES;
				CLANG_WARN_CONSTANT_CONVERSION = YES;
				CLANG_WARN_DEPRECATED_OBJC_IMPLEMENTATIONS = YES;
				CLANG_WARN_DIRECT_OBJC_ISA_USAGE = YES_ERROR;
				CLANG_WARN_DOCUMENTATION_COMMENTS = YES;
				CLANG_WARN_EMPTY_BODY = YES;
				CLANG_WARN_ENUM_CONVERSION = YES;
				CLANG_WARN_INFINITE_RECURSION = YES;
				CLANG_WARN_INT_CONVERSION = YES;
				CLANG_WARN_NON_LITERAL_NULL_CONVERSION = YES;
				CLANG_WARN_OBJC_IMPLICIT_RETAIN_SELF = YES;
				CLANG_WARN_OBJC_LITERAL_CONVERSION = YES;
				CLANG_WARN_OBJC_ROOT_CLASS = YES_ERROR;
				CLANG_WARN_QUOTED_INCLUDE_IN_FRAMEWORK_HEADER = YES;
				CLANG_WARN_RANGE_LOOP_ANALYSIS = YES;
				CLANG_WARN_STRICT_PROTOTYPES = YES;
				CLANG_WARN_SUSPICIOUS_MOVE = YES;
				CLANG_WARN_UNGUARDED_AVAILABILITY = YES_AGGRESSIVE;
				CLANG_WARN_UNREACHABLE_CODE = YES;
				CLANG_WARN__DUPLICATE_METHOD_MATCH = YES;
				COPY_PHASE_STRIP = NO;
				DEBUG_INFORMATION_FORMAT = dwarf;
				ENABLE_STRICT_OBJC_MSGSEND = YES;
				ENABLE_TESTABILITY = YES;
				ENABLE_USER_SCRIPT_SANDBOXING = YES;
				GCC_C_LANGUAGE_STANDARD = gnu17;
				GCC_DYNAMIC_NO_PIC = NO;
				GCC_NO_COMMON_BLOCKS = YES;
				GCC_OPTIMIZATION_LEVEL = 0;
				GCC_PREPROCESSOR_DEFINITIONS = (
					"DEBUG=1",
					"$(inherited)",
				);
				GCC_WARN_64_TO_32_BIT_CONVERSION = YES;
				GCC_WARN_ABOUT_RETURN_TYPE = YES_ERROR;
				GCC_WARN_UNDECLARED_SELECTOR = YES;
				GCC_WARN_UNINITIALIZED_AUTOS = YES_AGGRESSIVE;
				GCC_WARN_UNUSED_FUNCTION = YES;
				GCC_WARN_UNUSED_VARIABLE = YES;
				IPHONEOS_DEPLOYMENT_TARGET = 18.0;
				LOCALIZATION_PREFERS_STRING_CATALOGS = YES;
				MTL_ENABLE_DEBUG_INFO = INCLUDE_SOURCE;
				MTL_FAST_MATH = YES;
				ONLY_ACTIVE_ARCH = YES;
				SDKROOT = iphoneos;
				SWIFT_ACTIVE_COMPILATION_CONDITIONS = "DEBUG $(inherited)";
				SWIFT_OPTIMIZATION_LEVEL = "-Onone";
			};
			name = Debug;
		};
		94E3856C2CA71A7D00E31C96 /* Release */ = {
			isa = XCBuildConfiguration;
			buildSettings = {
				ALWAYS_SEARCH_USER_PATHS = NO;
				ASSETCATALOG_COMPILER_GENERATE_SWIFT_ASSET_SYMBOL_EXTENSIONS = YES;
				CLANG_ANALYZER_NONNULL = YES;
				CLANG_ANALYZER_NUMBER_OBJECT_CONVERSION = YES_AGGRESSIVE;
				CLANG_CXX_LANGUAGE_STANDARD = "gnu++20";
				CLANG_ENABLE_MODULES = YES;
				CLANG_ENABLE_OBJC_ARC = YES;
				CLANG_ENABLE_OBJC_WEAK = YES;
				CLANG_WARN_BLOCK_CAPTURE_AUTORELEASING = YES;
				CLANG_WARN_BOOL_CONVERSION = YES;
				CLANG_WARN_COMMA = YES;
				CLANG_WARN_CONSTANT_CONVERSION = YES;
				CLANG_WARN_DEPRECATED_OBJC_IMPLEMENTATIONS = YES;
				CLANG_WARN_DIRECT_OBJC_ISA_USAGE = YES_ERROR;
				CLANG_WARN_DOCUMENTATION_COMMENTS = YES;
				CLANG_WARN_EMPTY_BODY = YES;
				CLANG_WARN_ENUM_CONVERSION = YES;
				CLANG_WARN_INFINITE_RECURSION = YES;
				CLANG_WARN_INT_CONVERSION = YES;
				CLANG_WARN_NON_LITERAL_NULL_CONVERSION = YES;
				CLANG_WARN_OBJC_IMPLICIT_RETAIN_SELF = YES;
				CLANG_WARN_OBJC_LITERAL_CONVERSION = YES;
				CLANG_WARN_OBJC_ROOT_CLASS = YES_ERROR;
				CLANG_WARN_QUOTED_INCLUDE_IN_FRAMEWORK_HEADER = YES;
				CLANG_WARN_RANGE_LOOP_ANALYSIS = YES;
				CLANG_WARN_STRICT_PROTOTYPES = YES;
				CLANG_WARN_SUSPICIOUS_MOVE = YES;
				CLANG_WARN_UNGUARDED_AVAILABILITY = YES_AGGRESSIVE;
				CLANG_WARN_UNREACHABLE_CODE = YES;
				CLANG_WARN__DUPLICATE_METHOD_MATCH = YES;
				COPY_PHASE_STRIP = NO;
				DEBUG_INFORMATION_FORMAT = "dwarf-with-dsym";
				ENABLE_NS_ASSERTIONS = NO;
				ENABLE_STRICT_OBJC_MSGSEND = YES;
				ENABLE_USER_SCRIPT_SANDBOXING = YES;
				GCC_C_LANGUAGE_STANDARD = gnu17;
				GCC_NO_COMMON_BLOCKS = YES;
				GCC_WARN_64_TO_32_BIT_CONVERSION = YES;
				GCC_WARN_ABOUT_RETURN_TYPE = YES_ERROR;
				GCC_WARN_UNDECLARED_SELECTOR = YES;
				GCC_WARN_UNINITIALIZED_AUTOS = YES_AGGRESSIVE;
				GCC_WARN_UNUSED_FUNCTION = YES;
				GCC_WARN_UNUSED_VARIABLE = YES;
				IPHONEOS_DEPLOYMENT_TARGET = 18.0;
				LOCALIZATION_PREFERS_STRING_CATALOGS = YES;
				MTL_ENABLE_DEBUG_INFO = NO;
				MTL_FAST_MATH = YES;
				SDKROOT = iphoneos;
				SWIFT_COMPILATION_MODE = wholemodule;
				VALIDATE_PRODUCT = YES;
			};
			name = Release;
		};
		94E3856E2CA71A7D00E31C96 /* Debug */ = {
			isa = XCBuildConfiguration;
			buildSettings = {
				BUNDLE_LOADER = "$(TEST_HOST)";
				CODE_SIGN_STYLE = Automatic;
				CURRENT_PROJECT_VERSION = 1;
				DEVELOPMENT_TEAM = B53GNBF75N;
				GENERATE_INFOPLIST_FILE = YES;
				IPHONEOS_DEPLOYMENT_TARGET = 18.0;
				MARKETING_VERSION = 1.0;
				PRODUCT_BUNDLE_IDENTIFIER = "geniusoft.com.co.cinenest-uikitTests";
				PRODUCT_NAME = "$(TARGET_NAME)";
				SWIFT_EMIT_LOC_STRINGS = NO;
				SWIFT_VERSION = 5.0;
				TARGETED_DEVICE_FAMILY = "1,2";
				TEST_HOST = "$(BUILT_PRODUCTS_DIR)/cinenest-uikit.app/$(BUNDLE_EXECUTABLE_FOLDER_PATH)/cinenest-uikit";
			};
			name = Debug;
		};
		94E3856F2CA71A7D00E31C96 /* Release */ = {
			isa = XCBuildConfiguration;
			buildSettings = {
				BUNDLE_LOADER = "$(TEST_HOST)";
				CODE_SIGN_STYLE = Automatic;
				CURRENT_PROJECT_VERSION = 1;
				DEVELOPMENT_TEAM = B53GNBF75N;
				GENERATE_INFOPLIST_FILE = YES;
				IPHONEOS_DEPLOYMENT_TARGET = 18.0;
				MARKETING_VERSION = 1.0;
				PRODUCT_BUNDLE_IDENTIFIER = "geniusoft.com.co.cinenest-uikitTests";
				PRODUCT_NAME = "$(TARGET_NAME)";
				SWIFT_EMIT_LOC_STRINGS = NO;
				SWIFT_VERSION = 5.0;
				TARGETED_DEVICE_FAMILY = "1,2";
				TEST_HOST = "$(BUILT_PRODUCTS_DIR)/cinenest-uikit.app/$(BUNDLE_EXECUTABLE_FOLDER_PATH)/cinenest-uikit";
			};
			name = Release;
		};
		94E385712CA71A7D00E31C96 /* Debug */ = {
			isa = XCBuildConfiguration;
			buildSettings = {
				CODE_SIGN_STYLE = Automatic;
				CURRENT_PROJECT_VERSION = 1;
				DEVELOPMENT_TEAM = B53GNBF75N;
				GENERATE_INFOPLIST_FILE = YES;
				MARKETING_VERSION = 1.0;
				PRODUCT_BUNDLE_IDENTIFIER = "geniusoft.com.co.cinenest-uikitUITests";
				PRODUCT_NAME = "$(TARGET_NAME)";
				SWIFT_EMIT_LOC_STRINGS = NO;
				SWIFT_VERSION = 5.0;
				TARGETED_DEVICE_FAMILY = "1,2";
				TEST_TARGET_NAME = "cinenest-uikit";
			};
			name = Debug;
		};
		94E385722CA71A7D00E31C96 /* Release */ = {
			isa = XCBuildConfiguration;
			buildSettings = {
				CODE_SIGN_STYLE = Automatic;
				CURRENT_PROJECT_VERSION = 1;
				DEVELOPMENT_TEAM = B53GNBF75N;
				GENERATE_INFOPLIST_FILE = YES;
				MARKETING_VERSION = 1.0;
				PRODUCT_BUNDLE_IDENTIFIER = "geniusoft.com.co.cinenest-uikitUITests";
				PRODUCT_NAME = "$(TARGET_NAME)";
				SWIFT_EMIT_LOC_STRINGS = NO;
				SWIFT_VERSION = 5.0;
				TARGETED_DEVICE_FAMILY = "1,2";
				TEST_TARGET_NAME = "cinenest-uikit";
			};
			name = Release;
		};
/* End XCBuildConfiguration section */

/* Begin XCConfigurationList section */
		94E3853A2CA71A7C00E31C96 /* Build configuration list for PBXProject "cinenest-uikit" */ = {
			isa = XCConfigurationList;
			buildConfigurations = (
				94E3856B2CA71A7D00E31C96 /* Debug */,
				94E3856C2CA71A7D00E31C96 /* Release */,
			);
			defaultConfigurationIsVisible = 0;
			defaultConfigurationName = Release;
		};
		94E385682CA71A7D00E31C96 /* Build configuration list for PBXNativeTarget "cinenest-uikit" */ = {
			isa = XCConfigurationList;
			buildConfigurations = (
				94E385692CA71A7D00E31C96 /* Debug */,
				94E3856A2CA71A7D00E31C96 /* Release */,
			);
			defaultConfigurationIsVisible = 0;
			defaultConfigurationName = Release;
		};
		94E3856D2CA71A7D00E31C96 /* Build configuration list for PBXNativeTarget "cinenest-uikitTests" */ = {
			isa = XCConfigurationList;
			buildConfigurations = (
				94E3856E2CA71A7D00E31C96 /* Debug */,
				94E3856F2CA71A7D00E31C96 /* Release */,
			);
			defaultConfigurationIsVisible = 0;
			defaultConfigurationName = Release;
		};
		94E385702CA71A7D00E31C96 /* Build configuration list for PBXNativeTarget "cinenest-uikitUITests" */ = {
			isa = XCConfigurationList;
			buildConfigurations = (
				94E385712CA71A7D00E31C96 /* Debug */,
				94E385722CA71A7D00E31C96 /* Release */,
			);
			defaultConfigurationIsVisible = 0;
			defaultConfigurationName = Release;
		};
/* End XCConfigurationList section */

/* Begin XCRemoteSwiftPackageReference section */
		94E385EB2CAB58D500E31C96 /* XCRemoteSwiftPackageReference "Kingfisher" */ = {
			isa = XCRemoteSwiftPackageReference;
			repositoryURL = "https://github.com/onevcat/Kingfisher.git";
			requirement = {
				kind = upToNextMajorVersion;
				minimumVersion = 8.0.3;
			};
		};
		94E385EC2CAB58ED00E31C96 /* XCRemoteSwiftPackageReference "Alamofire" */ = {
			isa = XCRemoteSwiftPackageReference;
			repositoryURL = "https://github.com/Alamofire/Alamofire.git";
			requirement = {
				kind = upToNextMajorVersion;
				minimumVersion = 5.9.1;
			};
		};
/* End XCRemoteSwiftPackageReference section */

/* Begin XCSwiftPackageProductDependency section */
		94E385ED2CAB58F900E31C96 /* Kingfisher */ = {
			isa = XCSwiftPackageProductDependency;
			package = 94E385EB2CAB58D500E31C96 /* XCRemoteSwiftPackageReference "Kingfisher" */;
			productName = Kingfisher;
		};
		94E385EF2CAB58F900E31C96 /* Alamofire */ = {
			isa = XCSwiftPackageProductDependency;
			package = 94E385EC2CAB58ED00E31C96 /* XCRemoteSwiftPackageReference "Alamofire" */;
			productName = Alamofire;
		};
/* End XCSwiftPackageProductDependency section */
	};
	rootObject = 94E385372CA71A7C00E31C96 /* Project object */;
}
